<?xml version="1.0" encoding="utf-8"?>
<Project ToolsVersion="12.0" xmlns="http://schemas.microsoft.com/developer/msbuild/2003">
  <ItemGroup>
    <Filter Include="Common">
      <UniqueIdentifier>0fae44e0-6c15-4cca-abda-29556b391390</UniqueIdentifier>
    </Filter>
    <Filter Include="Assets">
      <UniqueIdentifier>cee6a8fd-c14c-4eab-b410-54073b7fc217</UniqueIdentifier>
      <Extensions>bmp;fbx;gif;jpg;jpeg;tga;tiff;tif;png</Extensions>
    </Filter>
    <Image Include="Assets\Logo.scale-100.png">
      <Filter>Assets</Filter>
    </Image>
    <Image Include="Assets\SmallLogo.scale-100.png">
      <Filter>Assets</Filter>
    </Image>
    <Image Include="Assets\StoreLogo.scale-100.png">
      <Filter>Assets</Filter>
    </Image>
    <Image Include="Assets\SplashScreen.scale-100.png">
      <Filter>Assets</Filter>
    </Image>
  </ItemGroup>
  <ItemGroup>
    <ApplicationDefinition Include="App.xaml" />
  </ItemGroup>
  <ItemGroup>
    <ClCompile Include="App.xaml.cpp" />
    <ClCompile Include="MainPage.xaml.cpp" />
    <ClCompile Include="pch.cpp" />
  </ItemGroup>
  <ItemGroup>
    <ClInclude Include="pch.h" />
    <ClInclude Include="App.xaml.h" />
    <ClInclude Include="MainPage.xaml.h" />
  </ItemGroup>
  <ItemGroup>
    <AppxManifest Include="Package.appxmanifest" />
  </ItemGroup>
  <ItemGroup>
    <None Include="FaceDetection_TemporaryKey.pfx" />
    <None Include="..\..\..\opencv\bin\install\WS\8.1\x86\x86\vc12\bin\opencv_core300d.dll" />
    <None Include="..\..\..\opencv\bin\install\WS\8.1\x86\x86\vc12\bin\opencv_imgcodecs300d.dll" />
    <None Include="..\..\..\opencv\bin\install\WS\8.1\x86\x86\vc12\bin\opencv_imgproc300d.dll" />
    <None Include="..\..\..\opencv\bin\install\WS\8.1\x86\x86\vc12\bin\opencv_objdetect300d.dll" />
    <None Include="..\..\..\opencv\bin\install\WS\8.1\x86\x86\vc12\bin\opencv_core300.dll" />
    <None Include="..\..\..\opencv\bin\install\WS\8.1\x86\x86\vc12\bin\opencv_imgcodecs300.dll" />
    <None Include="..\..\..\opencv\bin\install\WS\8.1\x86\x86\vc12\bin\opencv_imgproc300.dll" />
    <None Include="..\..\..\opencv\bin\install\WS\8.1\x86\x86\vc12\bin\opencv_objdetect300.dll" />
  </ItemGroup>
  <ItemGroup>
    <Page Include="MainPage.xaml" />
  </ItemGroup>
  <ItemGroup>
    <Image Include="Assets\group1.jpg">
      <Filter>Assets</Filter>
    </Image>
    <Image Include="Assets\group3.png">
      <Filter>Assets</Filter>
    </Image>
    <Image Include="Assets\group2.JPG">
      <Filter>Assets</Filter>
    </Image>
    <Image Include="Assets\group4.JPG">
      <Filter>Assets</Filter>
    </Image>
    <Image Include="Assets\group5.jpg">
      <Filter>Assets</Filter>
    </Image>
  </ItemGroup>
  <ItemGroup>
    <Xml Include="Assets\haarcascade_frontalface_alt.xml">
      <Filter>Assets</Filter>
    </Xml>
  </ItemGroup>
</Project>